{
  "name": "new-github-owner",
  "version": "0.0.1",
  "lockfileVersion": 1,
  "requires": true,
  "dependencies": {
    "node-fetch": {
      "version": "2.6.0",
      "resolved": "https://registry.npmjs.org/node-fetch/-/node-fetch-2.6.0.tgz",
      "integrity": "sha512-8dG4H5ujfvFiqDmVu9fQ5bOHUC15JMjMY/Zumv26oOvvVJjM67KF8koCWIabKQ1GJIa9r2mMZscBq/TbdOcmNA=="
    },
    "wait-for-user-input": {
      "version": "1.0.0",
      "resolved": "https://registry.npmjs.org/wait-for-user-input/-/wait-for-user-input-1.0.0.tgz",
      "integrity": "sha512-wcNX3HpvzyfnSZQ7lHThDJm+UgQoY8a4bcl31GtEycVGpI1LJYxPs45PgsNMG8VAlxHYwm7U0f1Sq2MClTraDw=="
    }
  }
}
